
Microsoft Visual Studio Solution File, Format Version 12.00
# Visual Studio Version 17
VisualStudioVersion = 17.2.32616.157
MinimumVisualStudioVersion = 10.0.40219.1
Project("{FAE04EC0-301F-11D3-BF4B-00C04F79EFBC}") = "1. Reverse Strings", "1. Reverse Strings\1. Reverse Strings.csproj", "{23D7539E-6AC1-4581-B576-A308E49BB4B1}"
EndProject
Project("{FAE04EC0-301F-11D3-BF4B-00C04F79EFBC}") = "2. Repeat Strings", "2. Repeat Strings\2. Repeat Strings.csproj", "{A31211EC-5C34-4BFF-B6CA-3009830EED03}"
EndProject
Project("{FAE04EC0-301F-11D3-BF4B-00C04F79EFBC}") = "3. Substring", "3. Substring\3. Substring.csproj", "{5BE656F5-2304-4EE2-9707-D9F676430675}"
EndProject
Project("{FAE04EC0-301F-11D3-BF4B-00C04F79EFBC}") = "4. Text Filter", "4. Text Filter\4. Text Filter.csproj", "{7A1858DD-129B-4894-BEB8-EB27A0CEF4EC}"
EndProject
Project("{FAE04EC0-301F-11D3-BF4B-00C04F79EFBC}") = "5. Digits, Letters and Others", "5. Digits, Letters and Others\5. Digits, Letters and Others.csproj", "{72368DFD-5451-4494-ABF2-80C044453718}"
EndProject
Global
	GlobalSection(SolutionConfigurationPlatforms) = preSolution
		Debug|Any CPU = Debug|Any CPU
		Release|Any CPU = Release|Any CPU
	EndGlobalSection
	GlobalSection(ProjectConfigurationPlatforms) = postSolution
		{23D7539E-6AC1-4581-B576-A308E49BB4B1}.Debug|Any CPU.ActiveCfg = Debug|Any CPU
		{23D7539E-6AC1-4581-B576-A308E49BB4B1}.Debug|Any CPU.Build.0 = Debug|Any CPU
		{23D7539E-6AC1-4581-B576-A308E49BB4B1}.Release|Any CPU.ActiveCfg = Release|Any CPU
		{23D7539E-6AC1-4581-B576-A308E49BB4B1}.Release|Any CPU.Build.0 = Release|Any CPU
		{A31211EC-5C34-4BFF-B6CA-3009830EED03}.Debug|Any CPU.ActiveCfg = Debug|Any CPU
		{A31211EC-5C34-4BFF-B6CA-3009830EED03}.Debug|Any CPU.Build.0 = Debug|Any CPU
		{A31211EC-5C34-4BFF-B6CA-3009830EED03}.Release|Any CPU.ActiveCfg = Release|Any CPU
		{A31211EC-5C34-4BFF-B6CA-3009830EED03}.Release|Any CPU.Build.0 = Release|Any CPU
		{5BE656F5-2304-4EE2-9707-D9F676430675}.Debug|Any CPU.ActiveCfg = Debug|Any CPU
		{5BE656F5-2304-4EE2-9707-D9F676430675}.Debug|Any CPU.Build.0 = Debug|Any CPU
		{5BE656F5-2304-4EE2-9707-D9F676430675}.Release|Any CPU.ActiveCfg = Release|Any CPU
		{5BE656F5-2304-4EE2-9707-D9F676430675}.Release|Any CPU.Build.0 = Release|Any CPU
		{7A1858DD-129B-4894-BEB8-EB27A0CEF4EC}.Debug|Any CPU.ActiveCfg = Debug|Any CPU
		{7A1858DD-129B-4894-BEB8-EB27A0CEF4EC}.Debug|Any CPU.Build.0 = Debug|Any CPU
		{7A1858DD-129B-4894-BEB8-EB27A0CEF4EC}.Release|Any CPU.ActiveCfg = Release|Any CPU
		{7A1858DD-129B-4894-BEB8-EB27A0CEF4EC}.Release|Any CPU.Build.0 = Release|Any CPU
		{72368DFD-5451-4494-ABF2-80C044453718}.Debug|Any CPU.ActiveCfg = Debug|Any CPU
		{72368DFD-5451-4494-ABF2-80C044453718}.Debug|Any CPU.Build.0 = Debug|Any CPU
		{72368DFD-5451-4494-ABF2-80C044453718}.Release|Any CPU.ActiveCfg = Release|Any CPU
		{72368DFD-5451-4494-ABF2-80C044453718}.Release|Any CPU.Build.0 = Release|Any CPU
	EndGlobalSection
	GlobalSection(SolutionProperties) = preSolution
		HideSolutionNode = FALSE
	EndGlobalSection
	GlobalSection(ExtensibilityGlobals) = postSolution
		SolutionGuid = {85E524A3-DC04-48B0-8764-97648EB1CFE3}
	EndGlobalSection
EndGlobal
